// !$*UTF8*$!
{
	archiveVersion = 1;
	classes = {
	};
	objectVersion = 77;
	objects = {

/* Begin PBXBuildFile section */
		209BCEFCE3B991F15456E0C3 /* VideoPlayerView.swift in Sources */ = {isa = PBXBuildFile; fileRef = 2500CB7139D60BC773F49092 /* VideoPlayerView.swift */; };
		3FBB39674BC31F8BC5251035 /* CameraDetailView.swift in Sources */ = {isa = PBXBuildFile; fileRef = 892DC1630BC8CC70EFE10369 /* CameraDetailView.swift */; };
		4B037504D0EA0AE4F7DDF069 /* HomeView.swift in Sources */ = {isa = PBXBuildFile; fileRef = A1A24A57F7F0680BFB015388 /* HomeView.swift */; };
		58319C56014FB3359F1929DF /* FAQView.swift in Sources */ = {isa = PBXBuildFile; fileRef = 90CA2F1185B4EBBA6C64A440 /* FAQView.swift */; };
		7BFFC821F57F1ADB96C67A52 /* FerryViewModel.swift in Sources */ = {isa = PBXBuildFile; fileRef = 016223D069D991502877E1A1 /* FerryViewModel.swift */; };
		95C00DBA2AE69C074B8BBB10 /* ContentView.swift in Sources */ = {isa = PBXBuildFile; fileRef = 5FEBF3364034FD5232667FAF /* ContentView.swift */; };
		B9C6C347D467113F56AE1737 /* InfoView.swift in Sources */ = {isa = PBXBuildFile; fileRef = AB9A0F17F93F8E5FE77F7D5B /* InfoView.swift */; };
		BC96AE129145A4CEFA10937E /* LansingFerryApp.swift in Sources */ = {isa = PBXBuildFile; fileRef = 276B0D3F779B8A362A5277DB /* LansingFerryApp.swift */; };
		E88C44151A8396EB5E466B90 /* LiveCamerasView.swift in Sources */ = {isa = PBXBuildFile; fileRef = A45F3106947302BFD67C47E8 /* LiveCamerasView.swift */; };
/* End PBXBuildFile section */

/* Begin PBXFileReference section */
		016223D069D991502877E1A1 /* FerryViewModel.swift */ = {isa = PBXFileReference; lastKnownFileType = sourcecode.swift; path = FerryViewModel.swift; sourceTree = "<group>"; };
		2500CB7139D60BC773F49092 /* VideoPlayerView.swift */ = {isa = PBXFileReference; lastKnownFileType = sourcecode.swift; path = VideoPlayerView.swift; sourceTree = "<group>"; };
		276B0D3F779B8A362A5277DB /* LansingFerryApp.swift */ = {isa = PBXFileReference; lastKnownFileType = sourcecode.swift; path = LansingFerryApp.swift; sourceTree = "<group>"; };
		46BF3D4B4BE1C6EA1012D5A5 /* Info.plist */ = {isa = PBXFileReference; lastKnownFileType = text.plist; path = Info.plist; sourceTree = "<group>"; };
		5FEBF3364034FD5232667FAF /* ContentView.swift */ = {isa = PBXFileReference; lastKnownFileType = sourcecode.swift; path = ContentView.swift; sourceTree = "<group>"; };
		892DC1630BC8CC70EFE10369 /* CameraDetailView.swift */ = {isa = PBXFileReference; lastKnownFileType = sourcecode.swift; path = CameraDetailView.swift; sourceTree = "<group>"; };
		90CA2F1185B4EBBA6C64A440 /* FAQView.swift */ = {isa = PBXFileReference; lastKnownFileType = sourcecode.swift; path = FAQView.swift; sourceTree = "<group>"; };
		A1A24A57F7F0680BFB015388 /* HomeView.swift */ = {isa = PBXFileReference; lastKnownFileType = sourcecode.swift; path = HomeView.swift; sourceTree = "<group>"; };
		A45F3106947302BFD67C47E8 /* LiveCamerasView.swift */ = {isa = PBXFileReference; lastKnownFileType = sourcecode.swift; path = LiveCamerasView.swift; sourceTree = "<group>"; };
		AB9A0F17F93F8E5FE77F7D5B /* InfoView.swift */ = {isa = PBXFileReference; lastKnownFileType = sourcecode.swift; path = InfoView.swift; sourceTree = "<group>"; };
		FC6B5BA327111278E16708A3 /* LansingFerry.app */ = {isa = PBXFileReference; includeInIndex = 0; lastKnownFileType = wrapper.application; path = LansingFerry.app; sourceTree = BUILT_PRODUCTS_DIR; };
/* End PBXFileReference section */

/* Begin PBXGroup section */
		27ACB1E51785490CF1BBB8CD = {
			isa = PBXGroup;
			children = (
				E9322792B2BA38DF643CE694 /* LansingFerry */,
				689D93509EC1557BADBAE2C1 /* Products */,
			);
			sourceTree = "<group>";
		};
		689D93509EC1557BADBAE2C1 /* Products */ = {
			isa = PBXGroup;
			children = (
				FC6B5BA327111278E16708A3 /* LansingFerry.app */,
			);
			name = Products;
			sourceTree = "<group>";
		};
		6AE282DFA00AA8BB3BEF59D8 /* Views */ = {
			isa = PBXGroup;
			children = (
				892DC1630BC8CC70EFE10369 /* CameraDetailView.swift */,
				90CA2F1185B4EBBA6C64A440 /* FAQView.swift */,
				A1A24A57F7F0680BFB015388 /* HomeView.swift */,
				AB9A0F17F93F8E5FE77F7D5B /* InfoView.swift */,
				A45F3106947302BFD67C47E8 /* LiveCamerasView.swift */,
			);
			path = Views;
			sourceTree = "<group>";
		};
		E72187B5CAF5A57A78190EEB /* Player */ = {
			isa = PBXGroup;
			children = (
				2500CB7139D60BC773F49092 /* VideoPlayerView.swift */,
			);
			path = Player;
			sourceTree = "<group>";
		};
		E9322792B2BA38DF643CE694 /* LansingFerry */ = {
			isa = PBXGroup;
			children = (
				5FEBF3364034FD5232667FAF /* ContentView.swift */,
				46BF3D4B4BE1C6EA1012D5A5 /* Info.plist */,
				276B0D3F779B8A362A5277DB /* LansingFerryApp.swift */,
				E72187B5CAF5A57A78190EEB /* Player */,
				EC86B64BE984A51770E4C5C2 /* ViewModels */,
				6AE282DFA00AA8BB3BEF59D8 /* Views */,
			);
			path = LansingFerry;
			sourceTree = "<group>";
		};
		EC86B64BE984A51770E4C5C2 /* ViewModels */ = {
			isa = PBXGroup;
			children = (
				016223D069D991502877E1A1 /* FerryViewModel.swift */,
			);
			path = ViewModels;
			sourceTree = "<group>";
		};
/* End PBXGroup section */

/* Begin PBXNativeTarget section */
		DDE9E634EDB8A750E0222897 /* LansingFerry */ = {
			isa = PBXNativeTarget;
			buildConfigurationList = DE47C1F3730E8B801F12D8D7 /* Build configuration list for PBXNativeTarget "LansingFerry" */;
			buildPhases = (
				8C15AE3B8BEE82E386656E27 /* Build KMP Shared Framework */,
				B7AA151D0738DA5EB0DA28D0 /* Sources */,
			);
			buildRules = (
			);
			dependencies = (
			);
			name = LansingFerry;
			packageProductDependencies = (
			);
			productName = LansingFerry;
			productReference = FC6B5BA327111278E16708A3 /* LansingFerry.app */;
			productType = "com.apple.product-type.application";
		};
/* End PBXNativeTarget section */

/* Begin PBXProject section */
		F61F0A4C8C8AC53666439A10 /* Project object */ = {
			isa = PBXProject;
			attributes = {
				BuildIndependentTargetsInParallel = YES;
				LastUpgradeCheck = 1600;
				TargetAttributes = {
					DDE9E634EDB8A750E0222897 = {
						DevelopmentTeam = "";
					};
				};
			};
			buildConfigurationList = 3BE1F934A173C4789313578E /* Build configuration list for PBXProject "LansingFerry" */;
			compatibilityVersion = "Xcode 14.0";
			developmentRegion = en;
			hasScannedForEncodings = 0;
			knownRegions = (
				Base,
				en,
			);
			mainGroup = 27ACB1E51785490CF1BBB8CD;
			minimizedProjectReferenceProxies = 1;
			preferredProjectObjectVersion = 77;
			projectDirPath = "";
			projectRoot = "";
			targets = (
				DDE9E634EDB8A750E0222897 /* LansingFerry */,
			);
		};
/* End PBXProject section */

/* Begin PBXShellScriptBuildPhase section */
		8C15AE3B8BEE82E386656E27 /* Build KMP Shared Framework */ = {
			isa = PBXShellScriptBuildPhase;
			alwaysOutOfDate = 1;
			buildActionMask = 2147483647;
			files = (
			);
			inputFileListPaths = (
			);
			inputPaths = (
			);
			name = "Build KMP Shared Framework";
			outputFileListPaths = (
			);
			outputPaths = (
			);
			runOnlyForDeploymentPostprocessing = 0;
			shellPath = /bin/sh;
			shellScript = "cd \"$SRCROOT/..\"\nif [ \"$PLATFORM_NAME\" = \"iphonesimulator\" ]; then\n  ./gradlew :shared:linkDebugFrameworkIosSimulatorArm64\nelse\n  ./gradlew :shared:linkReleaseFrameworkIosArm64\nfi\n";
		};
/* End PBXShellScriptBuildPhase section */

/* Begin PBXSourcesBuildPhase section */
		B7AA151D0738DA5EB0DA28D0 /* Sources */ = {
			isa = PBXSourcesBuildPhase;
			buildActionMask = 2147483647;
			files = (
				3FBB39674BC31F8BC5251035 /* CameraDetailView.swift in Sources */,
				95C00DBA2AE69C074B8BBB10 /* ContentView.swift in Sources */,
				58319C56014FB3359F1929DF /* FAQView.swift in Sources */,
				7BFFC821F57F1ADB96C67A52 /* FerryViewModel.swift in Sources */,
				4B037504D0EA0AE4F7DDF069 /* HomeView.swift in Sources */,
				B9C6C347D467113F56AE1737 /* InfoView.swift in Sources */,
				BC96AE129145A4CEFA10937E /* LansingFerryApp.swift in Sources */,
				E88C44151A8396EB5E466B90 /* LiveCamerasView.swift in Sources */,
				209BCEFCE3B991F15456E0C3 /* VideoPlayerView.swift in Sources */,
			);
			runOnlyForDeploymentPostprocessing = 0;
		};
/* End PBXSourcesBuildPhase section */

/* Begin XCBuildConfiguration section */
		1277DB7B8F566BD9A825B0AA /* Debug */ = {
			isa = XCBuildConfiguration;
			buildSettings = {
				ALWAYS_SEARCH_USER_PATHS = NO;
				CLANG_ANALYZER_NONNULL = YES;
				CLANG_ANALYZER_NUMBER_OBJECT_CONVERSION = YES_AGGRESSIVE;
				CLANG_CXX_LANGUAGE_STANDARD = "gnu++14";
				CLANG_CXX_LIBRARY = "libc++";
				CLANG_ENABLE_MODULES = YES;
				CLANG_ENABLE_OBJC_ARC = YES;
				CLANG_ENABLE_OBJC_WEAK = YES;
				CLANG_WARN_BLOCK_CAPTURE_AUTORELEASING = YES;
				CLANG_WARN_BOOL_CONVERSION = YES;
				CLANG_WARN_COMMA = YES;
				CLANG_WARN_CONSTANT_CONVERSION = YES;
				CLANG_WARN_DEPRECATED_OBJC_IMPLEMENTATIONS = YES;
				CLANG_WARN_DIRECT_OBJC_ISA_USAGE = YES_ERROR;
				CLANG_WARN_DOCUMENTATION_COMMENTS = YES;
				CLANG_WARN_EMPTY_BODY = YES;
				CLANG_WARN_ENUM_CONVERSION = YES;
				CLANG_WARN_INFINITE_RECURSION = YES;
				CLANG_WARN_INT_CONVERSION = YES;
				CLANG_WARN_NON_LITERAL_NULL_CONVERSION = YES;
				CLANG_WARN_OBJC_IMPLICIT_RETAIN_SELF = YES;
				CLANG_WARN_OBJC_LITERAL_CONVERSION = YES;
				CLANG_WARN_OBJC_ROOT_CLASS = YES_ERROR;
				CLANG_WARN_QUOTED_INCLUDE_IN_FRAMEWORK_HEADER = YES;
				CLANG_WARN_RANGE_LOOP_ANALYSIS = YES;
				CLANG_WARN_STRICT_PROTOTYPES = YES;
				CLANG_WARN_SUSPICIOUS_MOVE = YES;
				CLANG_WARN_UNGUARDED_AVAILABILITY = YES_AGGRESSIVE;
				CLANG_WARN_UNREACHABLE_CODE = YES;
				CLANG_WARN__DUPLICATE_METHOD_MATCH = YES;
				COPY_PHASE_STRIP = NO;
				DEBUG_INFORMATION_FORMAT = dwarf;
				DEVELOPMENT_TEAM = "";
				ENABLE_STRICT_OBJC_MSGSEND = YES;
				ENABLE_TESTABILITY = YES;
				GCC_C_LANGUAGE_STANDARD = gnu11;
				GCC_DYNAMIC_NO_PIC = NO;
				GCC_NO_COMMON_BLOCKS = YES;
				GCC_OPTIMIZATION_LEVEL = 0;
				GCC_PREPROCESSOR_DEFINITIONS = (
					"$(inherited)",
					"DEBUG=1",
				);
				GCC_WARN_64_TO_32_BIT_CONVERSION = YES;
				GCC_WARN_ABOUT_RETURN_TYPE = YES_ERROR;
				GCC_WARN_UNDECLARED_SELECTOR = YES;
				GCC_WARN_UNINITIALIZED_AUTOS = YES_AGGRESSIVE;
				GCC_WARN_UNUSED_FUNCTION = YES;
				GCC_WARN_UNUSED_VARIABLE = YES;
				IPHONEOS_DEPLOYMENT_TARGET = 17.0;
				MTL_ENABLE_DEBUG_INFO = INCLUDE_SOURCE;
				MTL_FAST_MATH = YES;
				ONLY_ACTIVE_ARCH = YES;
				PRODUCT_NAME = "$(TARGET_NAME)";
				SDKROOT = iphoneos;
				SWIFT_ACTIVE_COMPILATION_CONDITIONS = DEBUG;
				SWIFT_OPTIMIZATION_LEVEL = "-Onone";
				SWIFT_VERSION = 5.0;
			};
			name = Debug;
		};
		8A477B0EBAEF799C5BC36D0E /* Debug */ = {
			isa = XCBuildConfiguration;
			buildSettings = {
				ASSETCATALOG_COMPILER_APPICON_NAME = AppIcon;
				CODE_SIGN_IDENTITY = "iPhone Developer";
				FRAMEWORK_SEARCH_PATHS = (
					"$(SRCROOT)/../shared/build/bin/iosSimulatorArm64/debugFramework",
					"$(SRCROOT)/../shared/build/bin/iosArm64/releaseFramework",
				);
				INFOPLIST_FILE = LansingFerry/Info.plist;
				LD_RUNPATH_SEARCH_PATHS = (
					"$(inherited)",
					"@executable_path/Frameworks",
				);
				OTHER_LDFLAGS = (
					"-ObjC",
				);
				PRODUCT_BUNDLE_IDENTIFIER = com.lansingferry.ios;
				SDKROOT = iphoneos;
				SWIFT_VERSION = 5.0;
				TARGETED_DEVICE_FAMILY = "1,2";
			};
			name = Debug;
		};
		A1D738AB926C15AA13A461B7 /* Release */ = {
			isa = XCBuildConfiguration;
			buildSettings = {
				ALWAYS_SEARCH_USER_PATHS = NO;
				CLANG_ANALYZER_NONNULL = YES;
				CLANG_ANALYZER_NUMBER_OBJECT_CONVERSION = YES_AGGRESSIVE;
				CLANG_CXX_LANGUAGE_STANDARD = "gnu++14";
				CLANG_CXX_LIBRARY = "libc++";
				CLANG_ENABLE_MODULES = YES;
				CLANG_ENABLE_OBJC_ARC = YES;
				CLANG_ENABLE_OBJC_WEAK = YES;
				CLANG_WARN_BLOCK_CAPTURE_AUTORELEASING = YES;
				CLANG_WARN_BOOL_CONVERSION = YES;
				CLANG_WARN_COMMA = YES;
				CLANG_WARN_CONSTANT_CONVERSION = YES;
				CLANG_WARN_DEPRECATED_OBJC_IMPLEMENTATIONS = YES;
				CLANG_WARN_DIRECT_OBJC_ISA_USAGE = YES_ERROR;
				CLANG_WARN_DOCUMENTATION_COMMENTS = YES;
				CLANG_WARN_EMPTY_BODY = YES;
				CLANG_WARN_ENUM_CONVERSION = YES;
				CLANG_WARN_INFINITE_RECURSION = YES;
				CLANG_WARN_INT_CONVERSION = YES;
				CLANG_WARN_NON_LITERAL_NULL_CONVERSION = YES;
				CLANG_WARN_OBJC_IMPLICIT_RETAIN_SELF = YES;
				CLANG_WARN_OBJC_LITERAL_CONVERSION = YES;
				CLANG_WARN_OBJC_ROOT_CLASS = YES_ERROR;
				CLANG_WARN_QUOTED_INCLUDE_IN_FRAMEWORK_HEADER = YES;
				CLANG_WARN_RANGE_LOOP_ANALYSIS = YES;
				CLANG_WARN_STRICT_PROTOTYPES = YES;
				CLANG_WARN_SUSPICIOUS_MOVE = YES;
				CLANG_WARN_UNGUARDED_AVAILABILITY = YES_AGGRESSIVE;
				CLANG_WARN_UNREACHABLE_CODE = YES;
				CLANG_WARN__DUPLICATE_METHOD_MATCH = YES;
				COPY_PHASE_STRIP = NO;
				DEBUG_INFORMATION_FORMAT = "dwarf-with-dsym";
				DEVELOPMENT_TEAM = "";
				ENABLE_NS_ASSERTIONS = NO;
				ENABLE_STRICT_OBJC_MSGSEND = YES;
				GCC_C_LANGUAGE_STANDARD = gnu11;
				GCC_NO_COMMON_BLOCKS = YES;
				GCC_WARN_64_TO_32_BIT_CONVERSION = YES;
				GCC_WARN_ABOUT_RETURN_TYPE = YES_ERROR;
				GCC_WARN_UNDECLARED_SELECTOR = YES;
				GCC_WARN_UNINITIALIZED_AUTOS = YES_AGGRESSIVE;
				GCC_WARN_UNUSED_FUNCTION = YES;
				GCC_WARN_UNUSED_VARIABLE = YES;
				IPHONEOS_DEPLOYMENT_TARGET = 17.0;
				MTL_ENABLE_DEBUG_INFO = NO;
				MTL_FAST_MATH = YES;
				PRODUCT_NAME = "$(TARGET_NAME)";
				SDKROOT = iphoneos;
				SWIFT_COMPILATION_MODE = wholemodule;
				SWIFT_OPTIMIZATION_LEVEL = "-O";
				SWIFT_VERSION = 5.0;
			};
			name = Release;
		};
		A4568F967DFB1D5A8C412796 /* Release */ = {
			isa = XCBuildConfiguration;
			buildSettings = {
				ASSETCATALOG_COMPILER_APPICON_NAME = AppIcon;
				CODE_SIGN_IDENTITY = "iPhone Developer";
				FRAMEWORK_SEARCH_PATHS = (
					"$(SRCROOT)/../shared/build/bin/iosSimulatorArm64/debugFramework",
					"$(SRCROOT)/../shared/build/bin/iosArm64/releaseFramework",
				);
				INFOPLIST_FILE = LansingFerry/Info.plist;
				LD_RUNPATH_SEARCH_PATHS = (
					"$(inherited)",
					"@executable_path/Frameworks",
				);
				OTHER_LDFLAGS = (
					"-ObjC",
				);
				PRODUCT_BUNDLE_IDENTIFIER = com.lansingferry.ios;
				SDKROOT = iphoneos;
				SWIFT_VERSION = 5.0;
				TARGETED_DEVICE_FAMILY = "1,2";
			};
			name = Release;
		};
/* End XCBuildConfiguration section */

/* Begin XCConfigurationList section */
		3BE1F934A173C4789313578E /* Build configuration list for PBXProject "LansingFerry" */ = {
			isa = XCConfigurationList;
			buildConfigurations = (
				1277DB7B8F566BD9A825B0AA /* Debug */,
				A1D738AB926C15AA13A461B7 /* Release */,
			);
			defaultConfigurationIsVisible = 0;
			defaultConfigurationName = Debug;
		};
		DE47C1F3730E8B801F12D8D7 /* Build configuration list for PBXNativeTarget "LansingFerry" */ = {
			isa = XCConfigurationList;
			buildConfigurations = (
				8A477B0EBAEF799C5BC36D0E /* Debug */,
				A4568F967DFB1D5A8C412796 /* Release */,
			);
			defaultConfigurationIsVisible = 0;
			defaultConfigurationName = Debug;
		};
/* End XCConfigurationList section */
	};
	rootObject = F61F0A4C8C8AC53666439A10 /* Project object */;
}
